
Microsoft Visual Studio Solution File, Format Version 12.00
# Visual Studio 15
VisualStudioVersion = 15.0.28307.1401
MinimumVisualStudioVersion = 10.0.40219.1
Project("{FAE04EC0-301F-11D3-BF4B-00C04F79EFBC}") = "DaysCounter", "DaysCounter\DaysCounter.csproj", "{2AF9C8E4-7730-499E-88C2-08E4B03C8538}"
EndProject
Global
	GlobalSection(SolutionConfigurationPlatforms) = preSolution
		Debug|Any CPU = Debug|Any CPU
		Release|Any CPU = Release|Any CPU
	EndGlobalSection
	GlobalSection(ProjectConfigurationPlatforms) = postSolution
		{2AF9C8E4-7730-499E-88C2-08E4B03C8538}.Debug|Any CPU.ActiveCfg = Debug|Any CPU
		{2AF9C8E4-7730-499E-88C2-08E4B03C8538}.Debug|Any CPU.Build.0 = Debug|Any CPU
		{2AF9C8E4-7730-499E-88C2-08E4B03C8538}.Release|Any CPU.ActiveCfg = Release|Any CPU
		{2AF9C8E4-7730-499E-88C2-08E4B03C8538}.Release|Any CPU.Build.0 = Release|Any CPU
	EndGlobalSection
	GlobalSection(SolutionProperties) = preSolution
		HideSolutionNode = FALSE
	EndGlobalSection
	GlobalSection(ExtensibilityGlobals) = postSolution
		SolutionGuid = {8CCAAA8C-4D9F-4E5D-9B6F-B91FA9729E57}
	EndGlobalSection
EndGlobal
